dependencies:
- name: postgresql
  repository: https://charts.bitnami.com/bitnami
  version: 18.2.0
- name: rabbitmq
  repository: https://charts.bitnami.com/bitnami
  version: 16.0.14
- name: redis
  repository: https://charts.bitnami.com/bitnami
  version: 24.1.0
- name: jaeger
  repository: https://jaegertracing.github.io/helm-charts
  version: 3.3.0
digest: sha256:30609046146379771213a0c643096e9e6fcb6d786799bd4f38b51b3f6e8f732a
generated: "2026-01-19T18:00:55.335923892+02:00"
